
Microsoft Visual Studio Solution File, Format Version 12.00
# Visual Studio Version 17
VisualStudioVersion = 17.5.002.0
MinimumVisualStudioVersion = 10.0.40219.1
Project("{9A19103F-16F7-4668-BE54-9A1E7A4F7556}") = "WeatherApp", "WeatherApp.csproj", "{98F32F1E-84BF-4425-8BB2-F149D47B0F36}"
EndProject
Global
	GlobalSection(SolutionConfigurationPlatforms) = preSolution
		Debug|Any CPU = Debug|Any CPU
		Release|Any CPU = Release|Any CPU
	EndGlobalSection
	GlobalSection(ProjectConfigurationPlatforms) = postSolution
		{98F32F1E-84BF-4425-8BB2-F149D47B0F36}.Debug|Any CPU.ActiveCfg = Debug|Any CPU
		{98F32F1E-84BF-4425-8BB2-F149D47B0F36}.Debug|Any CPU.Build.0 = Debug|Any CPU
		{98F32F1E-84BF-4425-8BB2-F149D47B0F36}.Release|Any CPU.ActiveCfg = Release|Any CPU
		{98F32F1E-84BF-4425-8BB2-F149D47B0F36}.Release|Any CPU.Build.0 = Release|Any CPU
	EndGlobalSection
	GlobalSection(SolutionProperties) = preSolution
		HideSolutionNode = FALSE
	EndGlobalSection
	GlobalSection(ExtensibilityGlobals) = postSolution
		SolutionGuid = {0CEB4595-79D4-42D3-986A-A0A9D99FBA1A}
	EndGlobalSection
EndGlobal
